{
  "name": "WebPA",
  "lockfileVersion": 3,
  "requires": true,
  "packages": {
    "": {
      "dependencies": {
        "feather-icons": "^4.29.0"
      }
    },
    "node_modules/classnames": {
      "version": "2.3.2",
      "resolved": "https://registry.npmjs.org/classnames/-/classnames-2.3.2.tgz",
      "integrity": "sha512-CSbhY4cFEJRe6/GQzIk5qXZ4Jeg5pcsP7b5peFSDpffpe1cqjASH/n9UTjBwOp6XpMSTwQ8Za2K5V02ueA7Tmw=="
    },
    "node_modules/core-js": {
      "version": "3.30.0",
      "resolved": "https://registry.npmjs.org/core-js/-/core-js-3.30.0.tgz",
      "integrity": "sha512-hQotSSARoNh1mYPi9O2YaWeiq/cEB95kOrFb4NCrO4RIFt1qqNpKsaE+vy/L3oiqvND5cThqXzUU3r9F7Efztg==",
      "hasInstallScript": true,
      "funding": {
        "type": "opencollective",
        "url": "https://opencollective.com/core-js"
      }
    },
    "node_modules/feather-icons": {
      "version": "4.29.0",
      "resolved": "https://registry.npmjs.org/feather-icons/-/feather-icons-4.29.0.tgz",
      "integrity": "sha512-Y7VqN9FYb8KdaSF0qD1081HCkm0v4Eq/fpfQYQnubpqi0hXx14k+gF9iqtRys1SIcTEi97xDi/fmsPFZ8xo0GQ==",
      "dependencies": {
        "classnames": "^2.2.5",
        "core-js": "^3.1.3"
      }
    }
  }
}
